// !$*UTF8*$!
{
	archiveVersion = 1;
	classes = {
	};
	objectVersion = 50;
	objects = {

/* Begin PBXBuildFile section */
		7D2F6DFF2685EB8A000DE8A9 /* AppDelegate.swift in Sources */ = {isa = PBXBuildFile; fileRef = 7D2F6DFE2685EB8A000DE8A9 /* AppDelegate.swift */; };
		7D2F6E012685EB8A000DE8A9 /* SceneDelegate.swift in Sources */ = {isa = PBXBuildFile; fileRef = 7D2F6E002685EB8A000DE8A9 /* SceneDelegate.swift */; };
		7D2F6E032685EB8A000DE8A9 /* ContentView.swift in Sources */ = {isa = PBXBuildFile; fileRef = 7D2F6E022685EB8A000DE8A9 /* ContentView.swift */; };
		7D2F6E062685EB8A000DE8A9 /* ManiRestaurant.xcdatamodeld in Sources */ = {isa = PBXBuildFile; fileRef = 7D2F6E042685EB8A000DE8A9 /* ManiRestaurant.xcdatamodeld */; };
		7D2F6E082685EB8B000DE8A9 /* Assets.xcassets in Resources */ = {isa = PBXBuildFile; fileRef = 7D2F6E072685EB8B000DE8A9 /* Assets.xcassets */; };
		7D2F6E0B2685EB8B000DE8A9 /* Preview Assets.xcassets in Resources */ = {isa = PBXBuildFile; fileRef = 7D2F6E0A2685EB8B000DE8A9 /* Preview Assets.xcassets */; };
		7D2F6E0E2685EB8B000DE8A9 /* LaunchScreen.storyboard in Resources */ = {isa = PBXBuildFile; fileRef = 7D2F6E0C2685EB8B000DE8A9 /* LaunchScreen.storyboard */; };
		7D2F6E192685EB8C000DE8A9 /* ManiRestaurantTests.swift in Sources */ = {isa = PBXBuildFile; fileRef = 7D2F6E182685EB8C000DE8A9 /* ManiRestaurantTests.swift */; };
		7D2F6E242685EB8C000DE8A9 /* ManiRestaurantUITests.swift in Sources */ = {isa = PBXBuildFile; fileRef = 7D2F6E232685EB8C000DE8A9 /* ManiRestaurantUITests.swift */; };
/* End PBXBuildFile section */

/* Begin PBXContainerItemProxy section */
		7D2F6E152685EB8C000DE8A9 /* PBXContainerItemProxy */ = {
			isa = PBXContainerItemProxy;
			containerPortal = 7D2F6DF32685EB8A000DE8A9 /* Project object */;
			proxyType = 1;
			remoteGlobalIDString = 7D2F6DFA2685EB8A000DE8A9;
			remoteInfo = ManiRestaurant;
		};
		7D2F6E202685EB8C000DE8A9 /* PBXContainerItemProxy */ = {
			isa = PBXContainerItemProxy;
			containerPortal = 7D2F6DF32685EB8A000DE8A9 /* Project object */;
			proxyType = 1;
			remoteGlobalIDString = 7D2F6DFA2685EB8A000DE8A9;
			remoteInfo = ManiRestaurant;
		};
/* End PBXContainerItemProxy section */

/* Begin PBXFileReference section */
		7D2F6DFB2685EB8A000DE8A9 /* ManiRestaurant.app */ = {isa = PBXFileReference; explicitFileType = wrapper.application; includeInIndex = 0; path = ManiRestaurant.app; sourceTree = BUILT_PRODUCTS_DIR; };
		7D2F6DFE2685EB8A000DE8A9 /* AppDelegate.swift */ = {isa = PBXFileReference; lastKnownFileType = sourcecode.swift; path = AppDelegate.swift; sourceTree = "<group>"; };
		7D2F6E002685EB8A000DE8A9 /* SceneDelegate.swift */ = {isa = PBXFileReference; lastKnownFileType = sourcecode.swift; path = SceneDelegate.swift; sourceTree = "<group>"; };
		7D2F6E022685EB8A000DE8A9 /* ContentView.swift */ = {isa = PBXFileReference; lastKnownFileType = sourcecode.swift; path = ContentView.swift; sourceTree = "<group>"; };
		7D2F6E052685EB8A000DE8A9 /* ManiRestaurant.xcdatamodel */ = {isa = PBXFileReference; lastKnownFileType = wrapper.xcdatamodel; path = ManiRestaurant.xcdatamodel; sourceTree = "<group>"; };
		7D2F6E072685EB8B000DE8A9 /* Assets.xcassets */ = {isa = PBXFileReference; lastKnownFileType = folder.assetcatalog; path = Assets.xcassets; sourceTree = "<group>"; };
		7D2F6E0A2685EB8B000DE8A9 /* Preview Assets.xcassets */ = {isa = PBXFileReference; lastKnownFileType = folder.assetcatalog; path = "Preview Assets.xcassets"; sourceTree = "<group>"; };
		7D2F6E0D2685EB8B000DE8A9 /* Base */ = {isa = PBXFileReference; lastKnownFileType = file.storyboard; name = Base; path = Base.lproj/LaunchScreen.storyboard; sourceTree = "<group>"; };
		7D2F6E0F2685EB8B000DE8A9 /* Info.plist */ = {isa = PBXFileReference; lastKnownFileType = text.plist.xml; path = Info.plist; sourceTree = "<group>"; };
		7D2F6E142685EB8C000DE8A9 /* ManiRestaurantTests.xctest */ = {isa = PBXFileReference; explicitFileType = wrapper.cfbundle; includeInIndex = 0; path = ManiRestaurantTests.xctest; sourceTree = BUILT_PRODUCTS_DIR; };
		7D2F6E182685EB8C000DE8A9 /* ManiRestaurantTests.swift */ = {isa = PBXFileReference; lastKnownFileType = sourcecode.swift; path = ManiRestaurantTests.swift; sourceTree = "<group>"; };
		7D2F6E1A2685EB8C000DE8A9 /* Info.plist */ = {isa = PBXFileReference; lastKnownFileType = text.plist.xml; path = Info.plist; sourceTree = "<group>"; };
		7D2F6E1F2685EB8C000DE8A9 /* ManiRestaurantUITests.xctest */ = {isa = PBXFileReference; explicitFileType = wrapper.cfbundle; includeInIndex = 0; path = ManiRestaurantUITests.xctest; sourceTree = BUILT_PRODUCTS_DIR; };
		7D2F6E232685EB8C000DE8A9 /* ManiRestaurantUITests.swift */ = {isa = PBXFileReference; lastKnownFileType = sourcecode.swift; path = ManiRestaurantUITests.swift; sourceTree = "<group>"; };
		7D2F6E252685EB8C000DE8A9 /* Info.plist */ = {isa = PBXFileReference; lastKnownFileType = text.plist.xml; path = Info.plist; sourceTree = "<group>"; };
/* End PBXFileReference section */

/* Begin PBXFrameworksBuildPhase section */
		7D2F6DF82685EB8A000DE8A9 /* Frameworks */ = {
			isa = PBXFrameworksBuildPhase;
			buildActionMask = 2147483647;
			files = (
			);
			runOnlyForDeploymentPostprocessing = 0;
		};
		7D2F6E112685EB8C000DE8A9 /* Frameworks */ = {
			isa = PBXFrameworksBuildPhase;
			buildActionMask = 2147483647;
			files = (
			);
			runOnlyForDeploymentPostprocessing = 0;
		};
		7D2F6E1C2685EB8C000DE8A9 /* Frameworks */ = {
			isa = PBXFrameworksBuildPhase;
			buildActionMask = 2147483647;
			files = (
			);
			runOnlyForDeploymentPostprocessing = 0;
		};
/* End PBXFrameworksBuildPhase section */

/* Begin PBXGroup section */
		7D2F6DF22685EB8A000DE8A9 = {
			isa = PBXGroup;
			children = (
				7D2F6DFD2685EB8A000DE8A9 /* ManiRestaurant */,
				7D2F6E172685EB8C000DE8A9 /* ManiRestaurantTests */,
				7D2F6E222685EB8C000DE8A9 /* ManiRestaurantUITests */,
				7D2F6DFC2685EB8A000DE8A9 /* Products */,
			);
			sourceTree = "<group>";
		};
		7D2F6DFC2685EB8A000DE8A9 /* Products */ = {
			isa = PBXGroup;
			children = (
				7D2F6DFB2685EB8A000DE8A9 /* ManiRestaurant.app */,
				7D2F6E142685EB8C000DE8A9 /* ManiRestaurantTests.xctest */,
				7D2F6E1F2685EB8C000DE8A9 /* ManiRestaurantUITests.xctest */,
			);
			name = Products;
			sourceTree = "<group>";
		};
		7D2F6DFD2685EB8A000DE8A9 /* ManiRestaurant */ = {
			isa = PBXGroup;
			children = (
				7D2F6DFE2685EB8A000DE8A9 /* AppDelegate.swift */,
				7D2F6E002685EB8A000DE8A9 /* SceneDelegate.swift */,
				7D2F6E022685EB8A000DE8A9 /* ContentView.swift */,
				7D2F6E072685EB8B000DE8A9 /* Assets.xcassets */,
				7D2F6E0C2685EB8B000DE8A9 /* LaunchScreen.storyboard */,
				7D2F6E0F2685EB8B000DE8A9 /* Info.plist */,
				7D2F6E042685EB8A000DE8A9 /* ManiRestaurant.xcdatamodeld */,
				7D2F6E092685EB8B000DE8A9 /* Preview Content */,
			);
			path = ManiRestaurant;
			sourceTree = "<group>";
		};
		7D2F6E092685EB8B000DE8A9 /* Preview Content */ = {
			isa = PBXGroup;
			children = (
				7D2F6E0A2685EB8B000DE8A9 /* Preview Assets.xcassets */,
			);
			path = "Preview Content";
			sourceTree = "<group>";
		};
		7D2F6E172685EB8C000DE8A9 /* ManiRestaurantTests */ = {
			isa = PBXGroup;
			children = (
				7D2F6E182685EB8C000DE8A9 /* ManiRestaurantTests.swift */,
				7D2F6E1A2685EB8C000DE8A9 /* Info.plist */,
			);
			path = ManiRestaurantTests;
			sourceTree = "<group>";
		};
		7D2F6E222685EB8C000DE8A9 /* ManiRestaurantUITests */ = {
			isa = PBXGroup;
			children = (
				7D2F6E232685EB8C000DE8A9 /* ManiRestaurantUITests.swift */,
				7D2F6E252685EB8C000DE8A9 /* Info.plist */,
			);
			path = ManiRestaurantUITests;
			sourceTree = "<group>";
		};
/* End PBXGroup section */

/* Begin PBXNativeTarget section */
		7D2F6DFA2685EB8A000DE8A9 /* ManiRestaurant */ = {
			isa = PBXNativeTarget;
			buildConfigurationList = 7D2F6E282685EB8C000DE8A9 /* Build configuration list for PBXNativeTarget "ManiRestaurant" */;
			buildPhases = (
				7D2F6DF72685EB8A000DE8A9 /* Sources */,
				7D2F6DF82685EB8A000DE8A9 /* Frameworks */,
				7D2F6DF92685EB8A000DE8A9 /* Resources */,
			);
			buildRules = (
			);
			dependencies = (
			);
			name = ManiRestaurant;
			productName = ManiRestaurant;
			productReference = 7D2F6DFB2685EB8A000DE8A9 /* ManiRestaurant.app */;
			productType = "com.apple.product-type.application";
		};
		7D2F6E132685EB8C000DE8A9 /* ManiRestaurantTests */ = {
			isa = PBXNativeTarget;
			buildConfigurationList = 7D2F6E2B2685EB8C000DE8A9 /* Build configuration list for PBXNativeTarget "ManiRestaurantTests" */;
			buildPhases = (
				7D2F6E102685EB8C000DE8A9 /* Sources */,
				7D2F6E112685EB8C000DE8A9 /* Frameworks */,
				7D2F6E122685EB8C000DE8A9 /* Resources */,
			);
			buildRules = (
			);
			dependencies = (
				7D2F6E162685EB8C000DE8A9 /* PBXTargetDependency */,
			);
			name = ManiRestaurantTests;
			productName = ManiRestaurantTests;
			productReference = 7D2F6E142685EB8C000DE8A9 /* ManiRestaurantTests.xctest */;
			productType = "com.apple.product-type.bundle.unit-test";
		};
		7D2F6E1E2685EB8C000DE8A9 /* ManiRestaurantUITests */ = {
			isa = PBXNativeTarget;
			buildConfigurationList = 7D2F6E2E2685EB8C000DE8A9 /* Build configuration list for PBXNativeTarget "ManiRestaurantUITests" */;
			buildPhases = (
				7D2F6E1B2685EB8C000DE8A9 /* Sources */,
				7D2F6E1C2685EB8C000DE8A9 /* Frameworks */,
				7D2F6E1D2685EB8C000DE8A9 /* Resources */,
			);
			buildRules = (
			);
			dependencies = (
				7D2F6E212685EB8C000DE8A9 /* PBXTargetDependency */,
			);
			name = ManiRestaurantUITests;
			productName = ManiRestaurantUITests;
			productReference = 7D2F6E1F2685EB8C000DE8A9 /* ManiRestaurantUITests.xctest */;
			productType = "com.apple.product-type.bundle.ui-testing";
		};
/* End PBXNativeTarget section */

/* Begin PBXProject section */
		7D2F6DF32685EB8A000DE8A9 /* Project object */ = {
			isa = PBXProject;
			attributes = {
				LastSwiftUpdateCheck = 1250;
				LastUpgradeCheck = 1250;
				TargetAttributes = {
					7D2F6DFA2685EB8A000DE8A9 = {
						CreatedOnToolsVersion = 12.5.1;
					};
					7D2F6E132685EB8C000DE8A9 = {
						CreatedOnToolsVersion = 12.5.1;
						TestTargetID = 7D2F6DFA2685EB8A000DE8A9;
					};
					7D2F6E1E2685EB8C000DE8A9 = {
						CreatedOnToolsVersion = 12.5.1;
						TestTargetID = 7D2F6DFA2685EB8A000DE8A9;
					};
				};
			};
			buildConfigurationList = 7D2F6DF62685EB8A000DE8A9 /* Build configuration list for PBXProject "ManiRestaurant" */;
			compatibilityVersion = "Xcode 9.3";
			developmentRegion = en;
			hasScannedForEncodings = 0;
			knownRegions = (
				en,
				Base,
			);
			mainGroup = 7D2F6DF22685EB8A000DE8A9;
			productRefGroup = 7D2F6DFC2685EB8A000DE8A9 /* Products */;
			projectDirPath = "";
			projectRoot = "";
			targets = (
				7D2F6DFA2685EB8A000DE8A9 /* ManiRestaurant */,
				7D2F6E132685EB8C000DE8A9 /* ManiRestaurantTests */,
				7D2F6E1E2685EB8C000DE8A9 /* ManiRestaurantUITests */,
			);
		};
/* End PBXProject section */

/* Begin PBXResourcesBuildPhase section */
		7D2F6DF92685EB8A000DE8A9 /* Resources */ = {
			isa = PBXResourcesBuildPhase;
			buildActionMask = 2147483647;
			files = (
				7D2F6E0E2685EB8B000DE8A9 /* LaunchScreen.storyboard in Resources */,
				7D2F6E0B2685EB8B000DE8A9 /* Preview Assets.xcassets in Resources */,
				7D2F6E082685EB8B000DE8A9 /* Assets.xcassets in Resources */,
			);
			runOnlyForDeploymentPostprocessing = 0;
		};
		7D2F6E122685EB8C000DE8A9 /* Resources */ = {
			isa = PBXResourcesBuildPhase;
			buildActionMask = 2147483647;
			files = (
			);
			runOnlyForDeploymentPostprocessing = 0;
		};
		7D2F6E1D2685EB8C000DE8A9 /* Resources */ = {
			isa = PBXResourcesBuildPhase;
			buildActionMask = 2147483647;
			files = (
			);
			runOnlyForDeploymentPostprocessing = 0;
		};
/* End PBXResourcesBuildPhase section */

/* Begin PBXSourcesBuildPhase section */
		7D2F6DF72685EB8A000DE8A9 /* Sources */ = {
			isa = PBXSourcesBuildPhase;
			buildActionMask = 2147483647;
			files = (
				7D2F6DFF2685EB8A000DE8A9 /* AppDelegate.swift in Sources */,
				7D2F6E062685EB8A000DE8A9 /* ManiRestaurant.xcdatamodeld in Sources */,
				7D2F6E012685EB8A000DE8A9 /* SceneDelegate.swift in Sources */,
				7D2F6E032685EB8A000DE8A9 /* ContentView.swift in Sources */,
			);
			runOnlyForDeploymentPostprocessing = 0;
		};
		7D2F6E102685EB8C000DE8A9 /* Sources */ = {
			isa = PBXSourcesBuildPhase;
			buildActionMask = 2147483647;
			files = (
				7D2F6E192685EB8C000DE8A9 /* ManiRestaurantTests.swift in Sources */,
			);
			runOnlyForDeploymentPostprocessing = 0;
		};
		7D2F6E1B2685EB8C000DE8A9 /* Sources */ = {
			isa = PBXSourcesBuildPhase;
			buildActionMask = 2147483647;
			files = (
				7D2F6E242685EB8C000DE8A9 /* ManiRestaurantUITests.swift in Sources */,
			);
			runOnlyForDeploymentPostprocessing = 0;
		};
/* End PBXSourcesBuildPhase section */

/* Begin PBXTargetDependency section */
		7D2F6E162685EB8C000DE8A9 /* PBXTargetDependency */ = {
			isa = PBXTargetDependency;
			target = 7D2F6DFA2685EB8A000DE8A9 /* ManiRestaurant */;
			targetProxy = 7D2F6E152685EB8C000DE8A9 /* PBXContainerItemProxy */;
		};
		7D2F6E212685EB8C000DE8A9 /* PBXTargetDependency */ = {
			isa = PBXTargetDependency;
			target = 7D2F6DFA2685EB8A000DE8A9 /* ManiRestaurant */;
			targetProxy = 7D2F6E202685EB8C000DE8A9 /* PBXContainerItemProxy */;
		};
/* End PBXTargetDependency section */

/* Begin PBXVariantGroup section */
		7D2F6E0C2685EB8B000DE8A9 /* LaunchScreen.storyboard */ = {
			isa = PBXVariantGroup;
			children = (
				7D2F6E0D2685EB8B000DE8A9 /* Base */,
			);
			name = LaunchScreen.storyboard;
			sourceTree = "<group>";
		};
/* End PBXVariantGroup section */

/* Begin XCBuildConfiguration section */
		7D2F6E262685EB8C000DE8A9 /* Debug */ = {
			isa = XCBuildConfiguration;
			buildSettings = {
				ALWAYS_SEARCH_USER_PATHS = NO;
				CLANG_ANALYZER_NONNULL = YES;
				CLANG_ANALYZER_NUMBER_OBJECT_CONVERSION = YES_AGGRESSIVE;
				CLANG_CXX_LANGUAGE_STANDARD = "gnu++14";
				CLANG_CXX_LIBRARY = "libc++";
				CLANG_ENABLE_MODULES = YES;
				CLANG_ENABLE_OBJC_ARC = YES;
				CLANG_ENABLE_OBJC_WEAK = YES;
				CLANG_WARN_BLOCK_CAPTURE_AUTORELEASING = YES;
				CLANG_WARN_BOOL_CONVERSION = YES;
				CLANG_WARN_COMMA = YES;
				CLANG_WARN_CONSTANT_CONVERSION = YES;
				CLANG_WARN_DEPRECATED_OBJC_IMPLEMENTATIONS = YES;
				CLANG_WARN_DIRECT_OBJC_ISA_USAGE = YES_ERROR;
				CLANG_WARN_DOCUMENTATION_COMMENTS = YES;
				CLANG_WARN_EMPTY_BODY = YES;
				CLANG_WARN_ENUM_CONVERSION = YES;
				CLANG_WARN_INFINITE_RECURSION = YES;
				CLANG_WARN_INT_CONVERSION = YES;
				CLANG_WARN_NON_LITERAL_NULL_CONVERSION = YES;
				CLANG_WARN_OBJC_IMPLICIT_RETAIN_SELF = YES;
				CLANG_WARN_OBJC_LITERAL_CONVERSION = YES;
				CLANG_WARN_OBJC_ROOT_CLASS = YES_ERROR;
				CLANG_WARN_QUOTED_INCLUDE_IN_FRAMEWORK_HEADER = YES;
				CLANG_WARN_RANGE_LOOP_ANALYSIS = YES;
				CLANG_WARN_STRICT_PROTOTYPES = YES;
				CLANG_WARN_SUSPICIOUS_MOVE = YES;
				CLANG_WARN_UNGUARDED_AVAILABILITY = YES_AGGRESSIVE;
				CLANG_WARN_UNREACHABLE_CODE = YES;
				CLANG_WARN__DUPLICATE_METHOD_MATCH = YES;
				COPY_PHASE_STRIP = NO;
				DEBUG_INFORMATION_FORMAT = dwarf;
				ENABLE_STRICT_OBJC_MSGSEND = YES;
				ENABLE_TESTABILITY = YES;
				GCC_C_LANGUAGE_STANDARD = gnu11;
				GCC_DYNAMIC_NO_PIC = NO;
				GCC_NO_COMMON_BLOCKS = YES;
				GCC_OPTIMIZATION_LEVEL = 0;
				GCC_PREPROCESSOR_DEFINITIONS = (
					"DEBUG=1",
					"$(inherited)",
				);
				GCC_WARN_64_TO_32_BIT_CONVERSION = YES;
				GCC_WARN_ABOUT_RETURN_TYPE = YES_ERROR;
				GCC_WARN_UNDECLARED_SELECTOR = YES;
				GCC_WARN_UNINITIALIZED_AUTOS = YES_AGGRESSIVE;
				GCC_WARN_UNUSED_FUNCTION = YES;
				GCC_WARN_UNUSED_VARIABLE = YES;
				IPHONEOS_DEPLOYMENT_TARGET = 14.5;
				MTL_ENABLE_DEBUG_INFO = INCLUDE_SOURCE;
				MTL_FAST_MATH = YES;
				ONLY_ACTIVE_ARCH = YES;
				SDKROOT = iphoneos;
				SWIFT_ACTIVE_COMPILATION_CONDITIONS = DEBUG;
				SWIFT_OPTIMIZATION_LEVEL = "-Onone";
			};
			name = Debug;
		};
		7D2F6E272685EB8C000DE8A9 /* Release */ = {
			isa = XCBuildConfiguration;
			buildSettings = {
				ALWAYS_SEARCH_USER_PATHS = NO;
				CLANG_ANALYZER_NONNULL = YES;
				CLANG_ANALYZER_NUMBER_OBJECT_CONVERSION = YES_AGGRESSIVE;
				CLANG_CXX_LANGUAGE_STANDARD = "gnu++14";
				CLANG_CXX_LIBRARY = "libc++";
				CLANG_ENABLE_MODULES = YES;
				CLANG_ENABLE_OBJC_ARC = YES;
				CLANG_ENABLE_OBJC_WEAK = YES;
				CLANG_WARN_BLOCK_CAPTURE_AUTORELEASING = YES;
				CLANG_WARN_BOOL_CONVERSION = YES;
				CLANG_WARN_COMMA = YES;
				CLANG_WARN_CONSTANT_CONVERSION = YES;
				CLANG_WARN_DEPRECATED_OBJC_IMPLEMENTATIONS = YES;
				CLANG_WARN_DIRECT_OBJC_ISA_USAGE = YES_ERROR;
				CLANG_WARN_DOCUMENTATION_COMMENTS = YES;
				CLANG_WARN_EMPTY_BODY = YES;
				CLANG_WARN_ENUM_CONVERSION = YES;
				CLANG_WARN_INFINITE_RECURSION = YES;
				CLANG_WARN_INT_CONVERSION = YES;
				CLANG_WARN_NON_LITERAL_NULL_CONVERSION = YES;
				CLANG_WARN_OBJC_IMPLICIT_RETAIN_SELF = YES;
				CLANG_WARN_OBJC_LITERAL_CONVERSION = YES;
				CLANG_WARN_OBJC_ROOT_CLASS = YES_ERROR;
				CLANG_WARN_QUOTED_INCLUDE_IN_FRAMEWORK_HEADER = YES;
				CLANG_WARN_RANGE_LOOP_ANALYSIS = YES;
				CLANG_WARN_STRICT_PROTOTYPES = YES;
				CLANG_WARN_SUSPICIOUS_MOVE = YES;
				CLANG_WARN_UNGUARDED_AVAILABILITY = YES_AGGRESSIVE;
				CLANG_WARN_UNREACHABLE_CODE = YES;
				CLANG_WARN__DUPLICATE_METHOD_MATCH = YES;
				COPY_PHASE_STRIP = NO;
				DEBUG_INFORMATION_FORMAT = "dwarf-with-dsym";
				ENABLE_NS_ASSERTIONS = NO;
				ENABLE_STRICT_OBJC_MSGSEND = YES;
				GCC_C_LANGUAGE_STANDARD = gnu11;
				GCC_NO_COMMON_BLOCKS = YES;
				GCC_WARN_64_TO_32_BIT_CONVERSION = YES;
				GCC_WARN_ABOUT_RETURN_TYPE = YES_ERROR;
				GCC_WARN_UNDECLARED_SELECTOR = YES;
				GCC_WARN_UNINITIALIZED_AUTOS = YES_AGGRESSIVE;
				GCC_WARN_UNUSED_FUNCTION = YES;
				GCC_WARN_UNUSED_VARIABLE = YES;
				IPHONEOS_DEPLOYMENT_TARGET = 14.5;
				MTL_ENABLE_DEBUG_INFO = NO;
				MTL_FAST_MATH = YES;
				SDKROOT = iphoneos;
				SWIFT_COMPILATION_MODE = wholemodule;
				SWIFT_OPTIMIZATION_LEVEL = "-O";
				VALIDATE_PRODUCT = YES;
			};
			name = Release;
		};
		7D2F6E292685EB8C000DE8A9 /* Debug */ = {
			isa = XCBuildConfiguration;
			buildSettings = {
				ASSETCATALOG_COMPILER_APPICON_NAME = AppIcon;
				ASSETCATALOG_COMPILER_GLOBAL_ACCENT_COLOR_NAME = AccentColor;
				CODE_SIGN_STYLE = Automatic;
				DEVELOPMENT_ASSET_PATHS = "\"ManiRestaurant/Preview Content\"";
				DEVELOPMENT_TEAM = 2J4LKTM8LN;
				ENABLE_PREVIEWS = YES;
				INFOPLIST_FILE = ManiRestaurant/Info.plist;
				LD_RUNPATH_SEARCH_PATHS = (
					"$(inherited)",
					"@executable_path/Frameworks",
				);
				PRODUCT_BUNDLE_IDENTIFIER = ManiRestaurant.ManiRestaurant;
				PRODUCT_NAME = "$(TARGET_NAME)";
				SWIFT_VERSION = 5.0;
				TARGETED_DEVICE_FAMILY = "1,2";
			};
			name = Debug;
		};
		7D2F6E2A2685EB8C000DE8A9 /* Release */ = {
			isa = XCBuildConfiguration;
			buildSettings = {
				ASSETCATALOG_COMPILER_APPICON_NAME = AppIcon;
				ASSETCATALOG_COMPILER_GLOBAL_ACCENT_COLOR_NAME = AccentColor;
				CODE_SIGN_STYLE = Automatic;
				DEVELOPMENT_ASSET_PATHS = "\"ManiRestaurant/Preview Content\"";
				DEVELOPMENT_TEAM = 2J4LKTM8LN;
				ENABLE_PREVIEWS = YES;
				INFOPLIST_FILE = ManiRestaurant/Info.plist;
				LD_RUNPATH_SEARCH_PATHS = (
					"$(inherited)",
					"@executable_path/Frameworks",
				);
				PRODUCT_BUNDLE_IDENTIFIER = ManiRestaurant.ManiRestaurant;
				PRODUCT_NAME = "$(TARGET_NAME)";
				SWIFT_VERSION = 5.0;
				TARGETED_DEVICE_FAMILY = "1,2";
			};
			name = Release;
		};
		7D2F6E2C2685EB8C000DE8A9 /* Debug */ = {
			isa = XCBuildConfiguration;
			buildSettings = {
				ALWAYS_EMBED_SWIFT_STANDARD_LIBRARIES = YES;
				BUNDLE_LOADER = "$(TEST_HOST)";
				CODE_SIGN_STYLE = Automatic;
				DEVELOPMENT_TEAM = 2J4LKTM8LN;
				INFOPLIST_FILE = ManiRestaurantTests/Info.plist;
				IPHONEOS_DEPLOYMENT_TARGET = 14.5;
				LD_RUNPATH_SEARCH_PATHS = (
					"$(inherited)",
					"@executable_path/Frameworks",
					"@loader_path/Frameworks",
				);
				PRODUCT_BUNDLE_IDENTIFIER = ManiRestaurant.ManiRestaurantTests;
				PRODUCT_NAME = "$(TARGET_NAME)";
				SWIFT_VERSION = 5.0;
				TARGETED_DEVICE_FAMILY = "1,2";
				TEST_HOST = "$(BUILT_PRODUCTS_DIR)/ManiRestaurant.app/ManiRestaurant";
			};
			name = Debug;
		};
		7D2F6E2D2685EB8C000DE8A9 /* Release */ = {
			isa = XCBuildConfiguration;
			buildSettings = {
				ALWAYS_EMBED_SWIFT_STANDARD_LIBRARIES = YES;
				BUNDLE_LOADER = "$(TEST_HOST)";
				CODE_SIGN_STYLE = Automatic;
				DEVELOPMENT_TEAM = 2J4LKTM8LN;
				INFOPLIST_FILE = ManiRestaurantTests/Info.plist;
				IPHONEOS_DEPLOYMENT_TARGET = 14.5;
				LD_RUNPATH_SEARCH_PATHS = (
					"$(inherited)",
					"@executable_path/Frameworks",
					"@loader_path/Frameworks",
				);
				PRODUCT_BUNDLE_IDENTIFIER = ManiRestaurant.ManiRestaurantTests;
				PRODUCT_NAME = "$(TARGET_NAME)";
				SWIFT_VERSION = 5.0;
				TARGETED_DEVICE_FAMILY = "1,2";
				TEST_HOST = "$(BUILT_PRODUCTS_DIR)/ManiRestaurant.app/ManiRestaurant";
			};
			name = Release;
		};
		7D2F6E2F2685EB8C000DE8A9 /* Debug */ = {
			isa = XCBuildConfiguration;
			buildSettings = {
				ALWAYS_EMBED_SWIFT_STANDARD_LIBRARIES = YES;
				CODE_SIGN_STYLE = Automatic;
				DEVELOPMENT_TEAM = 2J4LKTM8LN;
				INFOPLIST_FILE = ManiRestaurantUITests/Info.plist;
				LD_RUNPATH_SEARCH_PATHS = (
					"$(inherited)",
					"@executable_path/Frameworks",
					"@loader_path/Frameworks",
				);
				PRODUCT_BUNDLE_IDENTIFIER = ManiRestaurant.ManiRestaurantUITests;
				PRODUCT_NAME = "$(TARGET_NAME)";
				SWIFT_VERSION = 5.0;
				TARGETED_DEVICE_FAMILY = "1,2";
				TEST_TARGET_NAME = ManiRestaurant;
			};
			name = Debug;
		};
		7D2F6E302685EB8C000DE8A9 /* Release */ = {
			isa = XCBuildConfiguration;
			buildSettings = {
				ALWAYS_EMBED_SWIFT_STANDARD_LIBRARIES = YES;
				CODE_SIGN_STYLE = Automatic;
				DEVELOPMENT_TEAM = 2J4LKTM8LN;
				INFOPLIST_FILE = ManiRestaurantUITests/Info.plist;
				LD_RUNPATH_SEARCH_PATHS = (
					"$(inherited)",
					"@executable_path/Frameworks",
					"@loader_path/Frameworks",
				);
				PRODUCT_BUNDLE_IDENTIFIER = ManiRestaurant.ManiRestaurantUITests;
				PRODUCT_NAME = "$(TARGET_NAME)";
				SWIFT_VERSION = 5.0;
				TARGETED_DEVICE_FAMILY = "1,2";
				TEST_TARGET_NAME = ManiRestaurant;
			};
			name = Release;
		};
/* End XCBuildConfiguration section */

/* Begin XCConfigurationList section */
		7D2F6DF62685EB8A000DE8A9 /* Build configuration list for PBXProject "ManiRestaurant" */ = {
			isa = XCConfigurationList;
			buildConfigurations = (
				7D2F6E262685EB8C000DE8A9 /* Debug */,
				7D2F6E272685EB8C000DE8A9 /* Release */,
			);
			defaultConfigurationIsVisible = 0;
			defaultConfigurationName = Release;
		};
		7D2F6E282685EB8C000DE8A9 /* Build configuration list for PBXNativeTarget "ManiRestaurant" */ = {
			isa = XCConfigurationList;
			buildConfigurations = (
				7D2F6E292685EB8C000DE8A9 /* Debug */,
				7D2F6E2A2685EB8C000DE8A9 /* Release */,
			);
			defaultConfigurationIsVisible = 0;
			defaultConfigurationName = Release;
		};
		7D2F6E2B2685EB8C000DE8A9 /* Build configuration list for PBXNativeTarget "ManiRestaurantTests" */ = {
			isa = XCConfigurationList;
			buildConfigurations = (
				7D2F6E2C2685EB8C000DE8A9 /* Debug */,
				7D2F6E2D2685EB8C000DE8A9 /* Release */,
			);
			defaultConfigurationIsVisible = 0;
			defaultConfigurationName = Release;
		};
		7D2F6E2E2685EB8C000DE8A9 /* Build configuration list for PBXNativeTarget "ManiRestaurantUITests" */ = {
			isa = XCConfigurationList;
			buildConfigurations = (
				7D2F6E2F2685EB8C000DE8A9 /* Debug */,
				7D2F6E302685EB8C000DE8A9 /* Release */,
			);
			defaultConfigurationIsVisible = 0;
			defaultConfigurationName = Release;
		};
/* End XCConfigurationList section */

/* Begin XCVersionGroup section */
		7D2F6E042685EB8A000DE8A9 /* ManiRestaurant.xcdatamodeld */ = {
			isa = XCVersionGroup;
			children = (
				7D2F6E052685EB8A000DE8A9 /* ManiRestaurant.xcdatamodel */,
			);
			currentVersion = 7D2F6E052685EB8A000DE8A9 /* ManiRestaurant.xcdatamodel */;
			path = ManiRestaurant.xcdatamodeld;
			sourceTree = "<group>";
			versionGroupType = wrapper.xcdatamodel;
		};
/* End XCVersionGroup section */
	};
	rootObject = 7D2F6DF32685EB8A000DE8A9 /* Project object */;
}
