// !$*UTF8*$!
{
	archiveVersion = 1;
	classes = {
	};
	objectVersion = 51;
	objects = {

/* Begin PBXBuildFile section */
		7D2F6DFF2685EB8A000DE8A9 /* AppDelegate.swift in Sources */ = {isa = PBXBuildFile; fileRef = 7D2F6DFE2685EB8A000DE8A9 /* AppDelegate.swift */; };
		7D2F6E012685EB8A000DE8A9 /* SceneDelegate.swift in Sources */ = {isa = PBXBuildFile; fileRef = 7D2F6E002685EB8A000DE8A9 /* SceneDelegate.swift */; };
		7D2F6E032685EB8A000DE8A9 /* ContentView.swift in Sources */ = {isa = PBXBuildFile; fileRef = 7D2F6E022685EB8A000DE8A9 /* ContentView.swift */; };
		7D2F6E062685EB8A000DE8A9 /* ManiRestaurant.xcdatamodeld in Sources */ = {isa = PBXBuildFile; fileRef = 7D2F6E042685EB8A000DE8A9 /* ManiRestaurant.xcdatamodeld */; };
		7D2F6E082685EB8B000DE8A9 /* Assets.xcassets in Resources */ = {isa = PBXBuildFile; fileRef = 7D2F6E072685EB8B000DE8A9 /* Assets.xcassets */; };
		7D2F6E0B2685EB8B000DE8A9 /* Preview Assets.xcassets in Resources */ = {isa = PBXBuildFile; fileRef = 7D2F6E0A2685EB8B000DE8A9 /* Preview Assets.xcassets */; };
		7D2F6E0E2685EB8B000DE8A9 /* LaunchScreen.storyboard in Resources */ = {isa = PBXBuildFile; fileRef = 7D2F6E0C2685EB8B000DE8A9 /* LaunchScreen.storyboard */; };
		7D2F6E192685EB8C000DE8A9 /* ManiRestaurantTests.swift in Sources */ = {isa = PBXBuildFile; fileRef = 7D2F6E182685EB8C000DE8A9 /* ManiRestaurantTests.swift */; };
		7D2F6E242685EB8C000DE8A9 /* ManiRestaurantUITests.swift in Sources */ = {isa = PBXBuildFile; fileRef = 7D2F6E232685EB8C000DE8A9 /* ManiRestaurantUITests.swift */; };
		7D2F6E322685F4AD000DE8A9 /* GoogleService-Info.plist in Resources */ = {isa = PBXBuildFile; fileRef = 7D2F6E312685F4AD000DE8A9 /* GoogleService-Info.plist */; };
		7E7282B3692A9652D982A12A /* Pods_ManiRestaurant.framework in Frameworks */ = {isa = PBXBuildFile; fileRef = 392EAA1419BD43796127C2FB /* Pods_ManiRestaurant.framework */; };
		9CBB82DDAF28ED0505E248EF /* Pods_ManiRestaurant_ManiRestaurantUITests.framework in Frameworks */ = {isa = PBXBuildFile; fileRef = BEBF647D82346B2619AD003B /* Pods_ManiRestaurant_ManiRestaurantUITests.framework */; };
		CD2CCF3F41F8412BCE8E6D9E /* Pods_ManiRestaurantTests.framework in Frameworks */ = {isa = PBXBuildFile; fileRef = F256475221439FA785FF07C6 /* Pods_ManiRestaurantTests.framework */; };
/* End PBXBuildFile section */

/* Begin PBXContainerItemProxy section */
		7D2F6E152685EB8C000DE8A9 /* PBXContainerItemProxy */ = {
			isa = PBXContainerItemProxy;
			containerPortal = 7D2F6DF32685EB8A000DE8A9 /* Project object */;
			proxyType = 1;
			remoteGlobalIDString = 7D2F6DFA2685EB8A000DE8A9;
			remoteInfo = ManiRestaurant;
		};
		7D2F6E202685EB8C000DE8A9 /* PBXContainerItemProxy */ = {
			isa = PBXContainerItemProxy;
			containerPortal = 7D2F6DF32685EB8A000DE8A9 /* Project object */;
			proxyType = 1;
			remoteGlobalIDString = 7D2F6DFA2685EB8A000DE8A9;
			remoteInfo = ManiRestaurant;
		};
/* End PBXContainerItemProxy section */

/* Begin PBXFileReference section */
		392EAA1419BD43796127C2FB /* Pods_ManiRestaurant.framework */ = {isa = PBXFileReference; explicitFileType = wrapper.framework; includeInIndex = 0; path = Pods_ManiRestaurant.framework; sourceTree = BUILT_PRODUCTS_DIR; };
		50388950B0F4C76D269360B4 /* Pods-ManiRestaurant-ManiRestaurantUITests.release.xcconfig */ = {isa = PBXFileReference; includeInIndex = 1; lastKnownFileType = text.xcconfig; name = "Pods-ManiRestaurant-ManiRestaurantUITests.release.xcconfig"; path = "Target Support Files/Pods-ManiRestaurant-ManiRestaurantUITests/Pods-ManiRestaurant-ManiRestaurantUITests.release.xcconfig"; sourceTree = "<group>"; };
		7D2F6DFB2685EB8A000DE8A9 /* ManiRestaurant.app */ = {isa = PBXFileReference; explicitFileType = wrapper.application; includeInIndex = 0; path = ManiRestaurant.app; sourceTree = BUILT_PRODUCTS_DIR; };
		7D2F6DFE2685EB8A000DE8A9 /* AppDelegate.swift */ = {isa = PBXFileReference; lastKnownFileType = sourcecode.swift; path = AppDelegate.swift; sourceTree = "<group>"; };
		7D2F6E002685EB8A000DE8A9 /* SceneDelegate.swift */ = {isa = PBXFileReference; lastKnownFileType = sourcecode.swift; path = SceneDelegate.swift; sourceTree = "<group>"; };
		7D2F6E022685EB8A000DE8A9 /* ContentView.swift */ = {isa = PBXFileReference; lastKnownFileType = sourcecode.swift; path = ContentView.swift; sourceTree = "<group>"; };
		7D2F6E052685EB8A000DE8A9 /* ManiRestaurant.xcdatamodel */ = {isa = PBXFileReference; lastKnownFileType = wrapper.xcdatamodel; path = ManiRestaurant.xcdatamodel; sourceTree = "<group>"; };
		7D2F6E072685EB8B000DE8A9 /* Assets.xcassets */ = {isa = PBXFileReference; lastKnownFileType = folder.assetcatalog; path = Assets.xcassets; sourceTree = "<group>"; };
		7D2F6E0A2685EB8B000DE8A9 /* Preview Assets.xcassets */ = {isa = PBXFileReference; lastKnownFileType = folder.assetcatalog; path = "Preview Assets.xcassets"; sourceTree = "<group>"; };
		7D2F6E0D2685EB8B000DE8A9 /* Base */ = {isa = PBXFileReference; lastKnownFileType = file.storyboard; name = Base; path = Base.lproj/LaunchScreen.storyboard; sourceTree = "<group>"; };
		7D2F6E0F2685EB8B000DE8A9 /* Info.plist */ = {isa = PBXFileReference; lastKnownFileType = text.plist.xml; path = Info.plist; sourceTree = "<group>"; };
		7D2F6E142685EB8C000DE8A9 /* ManiRestaurantTests.xctest */ = {isa = PBXFileReference; explicitFileType = wrapper.cfbundle; includeInIndex = 0; path = ManiRestaurantTests.xctest; sourceTree = BUILT_PRODUCTS_DIR; };
		7D2F6E182685EB8C000DE8A9 /* ManiRestaurantTests.swift */ = {isa = PBXFileReference; lastKnownFileType = sourcecode.swift; path = ManiRestaurantTests.swift; sourceTree = "<group>"; };
		7D2F6E1A2685EB8C000DE8A9 /* Info.plist */ = {isa = PBXFileReference; lastKnownFileType = text.plist.xml; path = Info.plist; sourceTree = "<group>"; };
		7D2F6E1F2685EB8C000DE8A9 /* ManiRestaurantUITests.xctest */ = {isa = PBXFileReference; explicitFileType = wrapper.cfbundle; includeInIndex = 0; path = ManiRestaurantUITests.xctest; sourceTree = BUILT_PRODUCTS_DIR; };
		7D2F6E232685EB8C000DE8A9 /* ManiRestaurantUITests.swift */ = {isa = PBXFileReference; lastKnownFileType = sourcecode.swift; path = ManiRestaurantUITests.swift; sourceTree = "<group>"; };
		7D2F6E252685EB8C000DE8A9 /* Info.plist */ = {isa = PBXFileReference; lastKnownFileType = text.plist.xml; path = Info.plist; sourceTree = "<group>"; };
		7D2F6E312685F4AD000DE8A9 /* GoogleService-Info.plist */ = {isa = PBXFileReference; fileEncoding = 4; lastKnownFileType = text.plist.xml; path = "GoogleService-Info.plist"; sourceTree = "<group>"; };
		9881209DB368E97F388F0609 /* Pods-ManiRestaurant.debug.xcconfig */ = {isa = PBXFileReference; includeInIndex = 1; lastKnownFileType = text.xcconfig; name = "Pods-ManiRestaurant.debug.xcconfig"; path = "Target Support Files/Pods-ManiRestaurant/Pods-ManiRestaurant.debug.xcconfig"; sourceTree = "<group>"; };
		AA2485E72429438FC2C81175 /* Pods-ManiRestaurant.release.xcconfig */ = {isa = PBXFileReference; includeInIndex = 1; lastKnownFileType = text.xcconfig; name = "Pods-ManiRestaurant.release.xcconfig"; path = "Target Support Files/Pods-ManiRestaurant/Pods-ManiRestaurant.release.xcconfig"; sourceTree = "<group>"; };
		BEBF647D82346B2619AD003B /* Pods_ManiRestaurant_ManiRestaurantUITests.framework */ = {isa = PBXFileReference; explicitFileType = wrapper.framework; includeInIndex = 0; path = Pods_ManiRestaurant_ManiRestaurantUITests.framework; sourceTree = BUILT_PRODUCTS_DIR; };
		CC52ADBEED727B05256CB9C6 /* Pods-ManiRestaurant-ManiRestaurantUITests.debug.xcconfig */ = {isa = PBXFileReference; includeInIndex = 1; lastKnownFileType = text.xcconfig; name = "Pods-ManiRestaurant-ManiRestaurantUITests.debug.xcconfig"; path = "Target Support Files/Pods-ManiRestaurant-ManiRestaurantUITests/Pods-ManiRestaurant-ManiRestaurantUITests.debug.xcconfig"; sourceTree = "<group>"; };
		CCD34C70FF6B1C6CE0737BE4 /* Pods-ManiRestaurantTests.release.xcconfig */ = {isa = PBXFileReference; includeInIndex = 1; lastKnownFileType = text.xcconfig; name = "Pods-ManiRestaurantTests.release.xcconfig"; path = "Target Support Files/Pods-ManiRestaurantTests/Pods-ManiRestaurantTests.release.xcconfig"; sourceTree = "<group>"; };
		E8A6BA9DE5BD84F9718A5653 /* Pods-ManiRestaurantTests.debug.xcconfig */ = {isa = PBXFileReference; includeInIndex = 1; lastKnownFileType = text.xcconfig; name = "Pods-ManiRestaurantTests.debug.xcconfig"; path = "Target Support Files/Pods-ManiRestaurantTests/Pods-ManiRestaurantTests.debug.xcconfig"; sourceTree = "<group>"; };
		F256475221439FA785FF07C6 /* Pods_ManiRestaurantTests.framework */ = {isa = PBXFileReference; explicitFileType = wrapper.framework; includeInIndex = 0; path = Pods_ManiRestaurantTests.framework; sourceTree = BUILT_PRODUCTS_DIR; };
/* End PBXFileReference section */

/* Begin PBXFrameworksBuildPhase section */
		7D2F6DF82685EB8A000DE8A9 /* Frameworks */ = {
			isa = PBXFrameworksBuildPhase;
			buildActionMask = 2147483647;
			files = (
				7E7282B3692A9652D982A12A /* Pods_ManiRestaurant.framework in Frameworks */,
			);
			runOnlyForDeploymentPostprocessing = 0;
		};
		7D2F6E112685EB8C000DE8A9 /* Frameworks */ = {
			isa = PBXFrameworksBuildPhase;
			buildActionMask = 2147483647;
			files = (
				CD2CCF3F41F8412BCE8E6D9E /* Pods_ManiRestaurantTests.framework in Frameworks */,
			);
			runOnlyForDeploymentPostprocessing = 0;
		};
		7D2F6E1C2685EB8C000DE8A9 /* Frameworks */ = {
			isa = PBXFrameworksBuildPhase;
			buildActionMask = 2147483647;
			files = (
				9CBB82DDAF28ED0505E248EF /* Pods_ManiRestaurant_ManiRestaurantUITests.framework in Frameworks */,
			);
			runOnlyForDeploymentPostprocessing = 0;
		};
/* End PBXFrameworksBuildPhase section */

/* Begin PBXGroup section */
		6FC2C0E154D818A39F7A05BE /* Pods */ = {
			isa = PBXGroup;
			children = (
				9881209DB368E97F388F0609 /* Pods-ManiRestaurant.debug.xcconfig */,
				AA2485E72429438FC2C81175 /* Pods-ManiRestaurant.release.xcconfig */,
				CC52ADBEED727B05256CB9C6 /* Pods-ManiRestaurant-ManiRestaurantUITests.debug.xcconfig */,
				50388950B0F4C76D269360B4 /* Pods-ManiRestaurant-ManiRestaurantUITests.release.xcconfig */,
				E8A6BA9DE5BD84F9718A5653 /* Pods-ManiRestaurantTests.debug.xcconfig */,
				CCD34C70FF6B1C6CE0737BE4 /* Pods-ManiRestaurantTests.release.xcconfig */,
			);
			path = Pods;
			sourceTree = "<group>";
		};
		7D2F6DF22685EB8A000DE8A9 = {
			isa = PBXGroup;
			children = (
				7D2F6DFD2685EB8A000DE8A9 /* ManiRestaurant */,
				7D2F6E172685EB8C000DE8A9 /* ManiRestaurantTests */,
				7D2F6E222685EB8C000DE8A9 /* ManiRestaurantUITests */,
				7D2F6DFC2685EB8A000DE8A9 /* Products */,
				6FC2C0E154D818A39F7A05BE /* Pods */,
				8FD3AAC6C4FC4AA3EFC48A51 /* Frameworks */,
			);
			sourceTree = "<group>";
		};
		7D2F6DFC2685EB8A000DE8A9 /* Products */ = {
			isa = PBXGroup;
			children = (
				7D2F6DFB2685EB8A000DE8A9 /* ManiRestaurant.app */,
				7D2F6E142685EB8C000DE8A9 /* ManiRestaurantTests.xctest */,
				7D2F6E1F2685EB8C000DE8A9 /* ManiRestaurantUITests.xctest */,
			);
			name = Products;
			sourceTree = "<group>";
		};
		7D2F6DFD2685EB8A000DE8A9 /* ManiRestaurant */ = {
			isa = PBXGroup;
			children = (
				7D2F6E312685F4AD000DE8A9 /* GoogleService-Info.plist */,
				7D2F6DFE2685EB8A000DE8A9 /* AppDelegate.swift */,
				7D2F6E002685EB8A000DE8A9 /* SceneDelegate.swift */,
				7D2F6E022685EB8A000DE8A9 /* ContentView.swift */,
				7D2F6E072685EB8B000DE8A9 /* Assets.xcassets */,
				7D2F6E0C2685EB8B000DE8A9 /* LaunchScreen.storyboard */,
				7D2F6E0F2685EB8B000DE8A9 /* Info.plist */,
				7D2F6E042685EB8A000DE8A9 /* ManiRestaurant.xcdatamodeld */,
				7D2F6E092685EB8B000DE8A9 /* Preview Content */,
			);
			path = ManiRestaurant;
			sourceTree = "<group>";
		};
		7D2F6E092685EB8B000DE8A9 /* Preview Content */ = {
			isa = PBXGroup;
			children = (
				7D2F6E0A2685EB8B000DE8A9 /* Preview Assets.xcassets */,
			);
			path = "Preview Content";
			sourceTree = "<group>";
		};
		7D2F6E172685EB8C000DE8A9 /* ManiRestaurantTests */ = {
			isa = PBXGroup;
			children = (
				7D2F6E182685EB8C000DE8A9 /* ManiRestaurantTests.swift */,
				7D2F6E1A2685EB8C000DE8A9 /* Info.plist */,
			);
			path = ManiRestaurantTests;
			sourceTree = "<group>";
		};
		7D2F6E222685EB8C000DE8A9 /* ManiRestaurantUITests */ = {
			isa = PBXGroup;
			children = (
				7D2F6E232685EB8C000DE8A9 /* ManiRestaurantUITests.swift */,
				7D2F6E252685EB8C000DE8A9 /* Info.plist */,
			);
			path = ManiRestaurantUITests;
			sourceTree = "<group>";
		};
		8FD3AAC6C4FC4AA3EFC48A51 /* Frameworks */ = {
			isa = PBXGroup;
			children = (
				392EAA1419BD43796127C2FB /* Pods_ManiRestaurant.framework */,
				BEBF647D82346B2619AD003B /* Pods_ManiRestaurant_ManiRestaurantUITests.framework */,
				F256475221439FA785FF07C6 /* Pods_ManiRestaurantTests.framework */,
			);
			name = Frameworks;
			sourceTree = "<group>";
		};
/* End PBXGroup section */

/* Begin PBXNativeTarget section */
		7D2F6DFA2685EB8A000DE8A9 /* ManiRestaurant */ = {
			isa = PBXNativeTarget;
			buildConfigurationList = 7D2F6E282685EB8C000DE8A9 /* Build configuration list for PBXNativeTarget "ManiRestaurant" */;
			buildPhases = (
				D487A0CC742C852BFE938423 /* [CP] Check Pods Manifest.lock */,
				7D2F6DF72685EB8A000DE8A9 /* Sources */,
				7D2F6DF82685EB8A000DE8A9 /* Frameworks */,
				7D2F6DF92685EB8A000DE8A9 /* Resources */,
				2332FBAC7365AD2FFF76FEC3 /* [CP] Embed Pods Frameworks */,
			);
			buildRules = (
			);
			dependencies = (
			);
			name = ManiRestaurant;
			productName = ManiRestaurant;
			productReference = 7D2F6DFB2685EB8A000DE8A9 /* ManiRestaurant.app */;
			productType = "com.apple.product-type.application";
		};
		7D2F6E132685EB8C000DE8A9 /* ManiRestaurantTests */ = {
			isa = PBXNativeTarget;
			buildConfigurationList = 7D2F6E2B2685EB8C000DE8A9 /* Build configuration list for PBXNativeTarget "ManiRestaurantTests" */;
			buildPhases = (
				C1A2E88914D47A1180E91A22 /* [CP] Check Pods Manifest.lock */,
				7D2F6E102685EB8C000DE8A9 /* Sources */,
				7D2F6E112685EB8C000DE8A9 /* Frameworks */,
				7D2F6E122685EB8C000DE8A9 /* Resources */,
			);
			buildRules = (
			);
			dependencies = (
				7D2F6E162685EB8C000DE8A9 /* PBXTargetDependency */,
			);
			name = ManiRestaurantTests;
			productName = ManiRestaurantTests;
			productReference = 7D2F6E142685EB8C000DE8A9 /* ManiRestaurantTests.xctest */;
			productType = "com.apple.product-type.bundle.unit-test";
		};
		7D2F6E1E2685EB8C000DE8A9 /* ManiRestaurantUITests */ = {
			isa = PBXNativeTarget;
			buildConfigurationList = 7D2F6E2E2685EB8C000DE8A9 /* Build configuration list for PBXNativeTarget "ManiRestaurantUITests" */;
			buildPhases = (
				59C0A8AAD4EE05D098DA1E35 /* [CP] Check Pods Manifest.lock */,
				7D2F6E1B2685EB8C000DE8A9 /* Sources */,
				7D2F6E1C2685EB8C000DE8A9 /* Frameworks */,
				7D2F6E1D2685EB8C000DE8A9 /* Resources */,
				94BDCDAB7804240F444D789F /* [CP] Embed Pods Frameworks */,
			);
			buildRules = (
			);
			dependencies = (
				7D2F6E212685EB8C000DE8A9 /* PBXTargetDependency */,
			);
			name = ManiRestaurantUITests;
			productName = ManiRestaurantUITests;
			productReference = 7D2F6E1F2685EB8C000DE8A9 /* ManiRestaurantUITests.xctest */;
			productType = "com.apple.product-type.bundle.ui-testing";
		};
/* End PBXNativeTarget section */

/* Begin PBXProject section */
		7D2F6DF32685EB8A000DE8A9 /* Project object */ = {
			isa = PBXProject;
			attributes = {
				LastSwiftUpdateCheck = 1250;
				LastUpgradeCheck = 1250;
				TargetAttributes = {
					7D2F6DFA2685EB8A000DE8A9 = {
						CreatedOnToolsVersion = 12.5.1;
					};
					7D2F6E132685EB8C000DE8A9 = {
						CreatedOnToolsVersion = 12.5.1;
						TestTargetID = 7D2F6DFA2685EB8A000DE8A9;
					};
					7D2F6E1E2685EB8C000DE8A9 = {
						CreatedOnToolsVersion = 12.5.1;
						TestTargetID = 7D2F6DFA2685EB8A000DE8A9;
					};
				};
			};
			buildConfigurationList = 7D2F6DF62685EB8A000DE8A9 /* Build configuration list for PBXProject "ManiRestaurant" */;
			compatibilityVersion = "Xcode 9.3";
			developmentRegion = en;
			hasScannedForEncodings = 0;
			knownRegions = (
				en,
				Base,
			);
			mainGroup = 7D2F6DF22685EB8A000DE8A9;
			productRefGroup = 7D2F6DFC2685EB8A000DE8A9 /* Products */;
			projectDirPath = "";
			projectRoot = "";
			targets = (
				7D2F6DFA2685EB8A000DE8A9 /* ManiRestaurant */,
				7D2F6E132685EB8C000DE8A9 /* ManiRestaurantTests */,
				7D2F6E1E2685EB8C000DE8A9 /* ManiRestaurantUITests */,
			);
		};
/* End PBXProject section */

/* Begin PBXResourcesBuildPhase section */
		7D2F6DF92685EB8A000DE8A9 /* Resources */ = {
			isa = PBXResourcesBuildPhase;
			buildActionMask = 2147483647;
			files = (
				7D2F6E0E2685EB8B000DE8A9 /* LaunchScreen.storyboard in Resources */,
				7D2F6E322685F4AD000DE8A9 /* GoogleService-Info.plist in Resources */,
				7D2F6E0B2685EB8B000DE8A9 /* Preview Assets.xcassets in Resources */,
				7D2F6E082685EB8B000DE8A9 /* Assets.xcassets in Resources */,
			);
			runOnlyForDeploymentPostprocessing = 0;
		};
		7D2F6E122685EB8C000DE8A9 /* Resources */ = {
			isa = PBXResourcesBuildPhase;
			buildActionMask = 2147483647;
			files = (
			);
			runOnlyForDeploymentPostprocessing = 0;
		};
		7D2F6E1D2685EB8C000DE8A9 /* Resources */ = {
			isa = PBXResourcesBuildPhase;
			buildActionMask = 2147483647;
			files = (
			);
			runOnlyForDeploymentPostprocessing = 0;
		};
/* End PBXResourcesBuildPhase section */

/* Begin PBXShellScriptBuildPhase section */
		2332FBAC7365AD2FFF76FEC3 /* [CP] Embed Pods Frameworks */ = {
			isa = PBXShellScriptBuildPhase;
			buildActionMask = 2147483647;
			files = (
			);
			inputFileListPaths = (
				"${PODS_ROOT}/Target Support Files/Pods-ManiRestaurant/Pods-ManiRestaurant-frameworks-${CONFIGURATION}-input-files.xcfilelist",
			);
			name = "[CP] Embed Pods Frameworks";
			outputFileListPaths = (
				"${PODS_ROOT}/Target Support Files/Pods-ManiRestaurant/Pods-ManiRestaurant-frameworks-${CONFIGURATION}-output-files.xcfilelist",
			);
			runOnlyForDeploymentPostprocessing = 0;
			shellPath = /bin/sh;
			shellScript = "\"${PODS_ROOT}/Target Support Files/Pods-ManiRestaurant/Pods-ManiRestaurant-frameworks.sh\"\n";
			showEnvVarsInLog = 0;
		};
		59C0A8AAD4EE05D098DA1E35 /* [CP] Check Pods Manifest.lock */ = {
			isa = PBXShellScriptBuildPhase;
			buildActionMask = 2147483647;
			files = (
			);
			inputFileListPaths = (
			);
			inputPaths = (
				"${PODS_PODFILE_DIR_PATH}/Podfile.lock",
				"${PODS_ROOT}/Manifest.lock",
			);
			name = "[CP] Check Pods Manifest.lock";
			outputFileListPaths = (
			);
			outputPaths = (
				"$(DERIVED_FILE_DIR)/Pods-ManiRestaurant-ManiRestaurantUITests-checkManifestLockResult.txt",
			);
			runOnlyForDeploymentPostprocessing = 0;
			shellPath = /bin/sh;
			shellScript = "diff \"${PODS_PODFILE_DIR_PATH}/Podfile.lock\" \"${PODS_ROOT}/Manifest.lock\" > /dev/null\nif [ $? != 0 ] ; then\n    # print error to STDERR\n    echo \"error: The sandbox is not in sync with the Podfile.lock. Run 'pod install' or update your CocoaPods installation.\" >&2\n    exit 1\nfi\n# This output is used by Xcode 'outputs' to avoid re-running this script phase.\necho \"SUCCESS\" > \"${SCRIPT_OUTPUT_FILE_0}\"\n";
			showEnvVarsInLog = 0;
		};
		94BDCDAB7804240F444D789F /* [CP] Embed Pods Frameworks */ = {
			isa = PBXShellScriptBuildPhase;
			buildActionMask = 2147483647;
			files = (
			);
			inputFileListPaths = (
				"${PODS_ROOT}/Target Support Files/Pods-ManiRestaurant-ManiRestaurantUITests/Pods-ManiRestaurant-ManiRestaurantUITests-frameworks-${CONFIGURATION}-input-files.xcfilelist",
			);
			name = "[CP] Embed Pods Frameworks";
			outputFileListPaths = (
				"${PODS_ROOT}/Target Support Files/Pods-ManiRestaurant-ManiRestaurantUITests/Pods-ManiRestaurant-ManiRestaurantUITests-frameworks-${CONFIGURATION}-output-files.xcfilelist",
			);
			runOnlyForDeploymentPostprocessing = 0;
			shellPath = /bin/sh;
			shellScript = "\"${PODS_ROOT}/Target Support Files/Pods-ManiRestaurant-ManiRestaurantUITests/Pods-ManiRestaurant-ManiRestaurantUITests-frameworks.sh\"\n";
			showEnvVarsInLog = 0;
		};
		C1A2E88914D47A1180E91A22 /* [CP] Check Pods Manifest.lock */ = {
			isa = PBXShellScriptBuildPhase;
			buildActionMask = 2147483647;
			files = (
			);
			inputFileListPaths = (
			);
			inputPaths = (
				"${PODS_PODFILE_DIR_PATH}/Podfile.lock",
				"${PODS_ROOT}/Manifest.lock",
			);
			name = "[CP] Check Pods Manifest.lock";
			outputFileListPaths = (
			);
			outputPaths = (
				"$(DERIVED_FILE_DIR)/Pods-ManiRestaurantTests-checkManifestLockResult.txt",
			);
			runOnlyForDeploymentPostprocessing = 0;
			shellPath = /bin/sh;
			shellScript = "diff \"${PODS_PODFILE_DIR_PATH}/Podfile.lock\" \"${PODS_ROOT}/Manifest.lock\" > /dev/null\nif [ $? != 0 ] ; then\n    # print error to STDERR\n    echo \"error: The sandbox is not in sync with the Podfile.lock. Run 'pod install' or update your CocoaPods installation.\" >&2\n    exit 1\nfi\n# This output is used by Xcode 'outputs' to avoid re-running this script phase.\necho \"SUCCESS\" > \"${SCRIPT_OUTPUT_FILE_0}\"\n";
			showEnvVarsInLog = 0;
		};
		D487A0CC742C852BFE938423 /* [CP] Check Pods Manifest.lock */ = {
			isa = PBXShellScriptBuildPhase;
			buildActionMask = 2147483647;
			files = (
			);
			inputFileListPaths = (
			);
			inputPaths = (
				"${PODS_PODFILE_DIR_PATH}/Podfile.lock",
				"${PODS_ROOT}/Manifest.lock",
			);
			name = "[CP] Check Pods Manifest.lock";
			outputFileListPaths = (
			);
			outputPaths = (
				"$(DERIVED_FILE_DIR)/Pods-ManiRestaurant-checkManifestLockResult.txt",
			);
			runOnlyForDeploymentPostprocessing = 0;
			shellPath = /bin/sh;
			shellScript = "diff \"${PODS_PODFILE_DIR_PATH}/Podfile.lock\" \"${PODS_ROOT}/Manifest.lock\" > /dev/null\nif [ $? != 0 ] ; then\n    # print error to STDERR\n    echo \"error: The sandbox is not in sync with the Podfile.lock. Run 'pod install' or update your CocoaPods installation.\" >&2\n    exit 1\nfi\n# This output is used by Xcode 'outputs' to avoid re-running this script phase.\necho \"SUCCESS\" > \"${SCRIPT_OUTPUT_FILE_0}\"\n";
			showEnvVarsInLog = 0;
		};
/* End PBXShellScriptBuildPhase section */

/* Begin PBXSourcesBuildPhase section */
		7D2F6DF72685EB8A000DE8A9 /* Sources */ = {
			isa = PBXSourcesBuildPhase;
			buildActionMask = 2147483647;
			files = (
				7D2F6DFF2685EB8A000DE8A9 /* AppDelegate.swift in Sources */,
				7D2F6E062685EB8A000DE8A9 /* ManiRestaurant.xcdatamodeld in Sources */,
				7D2F6E012685EB8A000DE8A9 /* SceneDelegate.swift in Sources */,
				7D2F6E032685EB8A000DE8A9 /* ContentView.swift in Sources */,
			);
			runOnlyForDeploymentPostprocessing = 0;
		};
		7D2F6E102685EB8C000DE8A9 /* Sources */ = {
			isa = PBXSourcesBuildPhase;
			buildActionMask = 2147483647;
			files = (
				7D2F6E192685EB8C000DE8A9 /* ManiRestaurantTests.swift in Sources */,
			);
			runOnlyForDeploymentPostprocessing = 0;
		};
		7D2F6E1B2685EB8C000DE8A9 /* Sources */ = {
			isa = PBXSourcesBuildPhase;
			buildActionMask = 2147483647;
			files = (
				7D2F6E242685EB8C000DE8A9 /* ManiRestaurantUITests.swift in Sources */,
			);
			runOnlyForDeploymentPostprocessing = 0;
		};
/* End PBXSourcesBuildPhase section */

/* Begin PBXTargetDependency section */
		7D2F6E162685EB8C000DE8A9 /* PBXTargetDependency */ = {
			isa = PBXTargetDependency;
			target = 7D2F6DFA2685EB8A000DE8A9 /* ManiRestaurant */;
			targetProxy = 7D2F6E152685EB8C000DE8A9 /* PBXContainerItemProxy */;
		};
		7D2F6E212685EB8C000DE8A9 /* PBXTargetDependency */ = {
			isa = PBXTargetDependency;
			target = 7D2F6DFA2685EB8A000DE8A9 /* ManiRestaurant */;
			targetProxy = 7D2F6E202685EB8C000DE8A9 /* PBXContainerItemProxy */;
		};
/* End PBXTargetDependency section */

/* Begin PBXVariantGroup section */
		7D2F6E0C2685EB8B000DE8A9 /* LaunchScreen.storyboard */ = {
			isa = PBXVariantGroup;
			children = (
				7D2F6E0D2685EB8B000DE8A9 /* Base */,
			);
			name = LaunchScreen.storyboard;
			sourceTree = "<group>";
		};
/* End PBXVariantGroup section */

/* Begin XCBuildConfiguration section */
		7D2F6E262685EB8C000DE8A9 /* Debug */ = {
			isa = XCBuildConfiguration;
			buildSettings = {
				ALWAYS_SEARCH_USER_PATHS = NO;
				CLANG_ANALYZER_NONNULL = YES;
				CLANG_ANALYZER_NUMBER_OBJECT_CONVERSION = YES_AGGRESSIVE;
				CLANG_CXX_LANGUAGE_STANDARD = "gnu++14";
				CLANG_CXX_LIBRARY = "libc++";
				CLANG_ENABLE_MODULES = YES;
				CLANG_ENABLE_OBJC_ARC = YES;
				CLANG_ENABLE_OBJC_WEAK = YES;
				CLANG_WARN_BLOCK_CAPTURE_AUTORELEASING = YES;
				CLANG_WARN_BOOL_CONVERSION = YES;
				CLANG_WARN_COMMA = YES;
				CLANG_WARN_CONSTANT_CONVERSION = YES;
				CLANG_WARN_DEPRECATED_OBJC_IMPLEMENTATIONS = YES;
				CLANG_WARN_DIRECT_OBJC_ISA_USAGE = YES_ERROR;
				CLANG_WARN_DOCUMENTATION_COMMENTS = YES;
				CLANG_WARN_EMPTY_BODY = YES;
				CLANG_WARN_ENUM_CONVERSION = YES;
				CLANG_WARN_INFINITE_RECURSION = YES;
				CLANG_WARN_INT_CONVERSION = YES;
				CLANG_WARN_NON_LITERAL_NULL_CONVERSION = YES;
				CLANG_WARN_OBJC_IMPLICIT_RETAIN_SELF = YES;
				CLANG_WARN_OBJC_LITERAL_CONVERSION = YES;
				CLANG_WARN_OBJC_ROOT_CLASS = YES_ERROR;
				CLANG_WARN_QUOTED_INCLUDE_IN_FRAMEWORK_HEADER = YES;
				CLANG_WARN_RANGE_LOOP_ANALYSIS = YES;
				CLANG_WARN_STRICT_PROTOTYPES = YES;
				CLANG_WARN_SUSPICIOUS_MOVE = YES;
				CLANG_WARN_UNGUARDED_AVAILABILITY = YES_AGGRESSIVE;
				CLANG_WARN_UNREACHABLE_CODE = YES;
				CLANG_WARN__DUPLICATE_METHOD_MATCH = YES;
				COPY_PHASE_STRIP = NO;
				DEBUG_INFORMATION_FORMAT = dwarf;
				ENABLE_STRICT_OBJC_MSGSEND = YES;
				ENABLE_TESTABILITY = YES;
				GCC_C_LANGUAGE_STANDARD = gnu11;
				GCC_DYNAMIC_NO_PIC = NO;
				GCC_NO_COMMON_BLOCKS = YES;
				GCC_OPTIMIZATION_LEVEL = 0;
				GCC_PREPROCESSOR_DEFINITIONS = (
					"DEBUG=1",
					"$(inherited)",
				);
				GCC_WARN_64_TO_32_BIT_CONVERSION = YES;
				GCC_WARN_ABOUT_RETURN_TYPE = YES_ERROR;
				GCC_WARN_UNDECLARED_SELECTOR = YES;
				GCC_WARN_UNINITIALIZED_AUTOS = YES_AGGRESSIVE;
				GCC_WARN_UNUSED_FUNCTION = YES;
				GCC_WARN_UNUSED_VARIABLE = YES;
				IPHONEOS_DEPLOYMENT_TARGET = 14.5;
				MTL_ENABLE_DEBUG_INFO = INCLUDE_SOURCE;
				MTL_FAST_MATH = YES;
				ONLY_ACTIVE_ARCH = YES;
				SDKROOT = iphoneos;
				SWIFT_ACTIVE_COMPILATION_CONDITIONS = DEBUG;
				SWIFT_OPTIMIZATION_LEVEL = "-Onone";
			};
			name = Debug;
		};
		7D2F6E272685EB8C000DE8A9 /* Release */ = {
			isa = XCBuildConfiguration;
			buildSettings = {
				ALWAYS_SEARCH_USER_PATHS = NO;
				CLANG_ANALYZER_NONNULL = YES;
				CLANG_ANALYZER_NUMBER_OBJECT_CONVERSION = YES_AGGRESSIVE;
				CLANG_CXX_LANGUAGE_STANDARD = "gnu++14";
				CLANG_CXX_LIBRARY = "libc++";
				CLANG_ENABLE_MODULES = YES;
				CLANG_ENABLE_OBJC_ARC = YES;
				CLANG_ENABLE_OBJC_WEAK = YES;
				CLANG_WARN_BLOCK_CAPTURE_AUTORELEASING = YES;
				CLANG_WARN_BOOL_CONVERSION = YES;
				CLANG_WARN_COMMA = YES;
				CLANG_WARN_CONSTANT_CONVERSION = YES;
				CLANG_WARN_DEPRECATED_OBJC_IMPLEMENTATIONS = YES;
				CLANG_WARN_DIRECT_OBJC_ISA_USAGE = YES_ERROR;
				CLANG_WARN_DOCUMENTATION_COMMENTS = YES;
				CLANG_WARN_EMPTY_BODY = YES;
				CLANG_WARN_ENUM_CONVERSION = YES;
				CLANG_WARN_INFINITE_RECURSION = YES;
				CLANG_WARN_INT_CONVERSION = YES;
				CLANG_WARN_NON_LITERAL_NULL_CONVERSION = YES;
				CLANG_WARN_OBJC_IMPLICIT_RETAIN_SELF = YES;
				CLANG_WARN_OBJC_LITERAL_CONVERSION = YES;
				CLANG_WARN_OBJC_ROOT_CLASS = YES_ERROR;
				CLANG_WARN_QUOTED_INCLUDE_IN_FRAMEWORK_HEADER = YES;
				CLANG_WARN_RANGE_LOOP_ANALYSIS = YES;
				CLANG_WARN_STRICT_PROTOTYPES = YES;
				CLANG_WARN_SUSPICIOUS_MOVE = YES;
				CLANG_WARN_UNGUARDED_AVAILABILITY = YES_AGGRESSIVE;
				CLANG_WARN_UNREACHABLE_CODE = YES;
				CLANG_WARN__DUPLICATE_METHOD_MATCH = YES;
				COPY_PHASE_STRIP = NO;
				DEBUG_INFORMATION_FORMAT = "dwarf-with-dsym";
				ENABLE_NS_ASSERTIONS = NO;
				ENABLE_STRICT_OBJC_MSGSEND = YES;
				GCC_C_LANGUAGE_STANDARD = gnu11;
				GCC_NO_COMMON_BLOCKS = YES;
				GCC_WARN_64_TO_32_BIT_CONVERSION = YES;
				GCC_WARN_ABOUT_RETURN_TYPE = YES_ERROR;
				GCC_WARN_UNDECLARED_SELECTOR = YES;
				GCC_WARN_UNINITIALIZED_AUTOS = YES_AGGRESSIVE;
				GCC_WARN_UNUSED_FUNCTION = YES;
				GCC_WARN_UNUSED_VARIABLE = YES;
				IPHONEOS_DEPLOYMENT_TARGET = 14.5;
				MTL_ENABLE_DEBUG_INFO = NO;
				MTL_FAST_MATH = YES;
				SDKROOT = iphoneos;
				SWIFT_COMPILATION_MODE = wholemodule;
				SWIFT_OPTIMIZATION_LEVEL = "-O";
				VALIDATE_PRODUCT = YES;
			};
			name = Release;
		};
		7D2F6E292685EB8C000DE8A9 /* Debug */ = {
			isa = XCBuildConfiguration;
			baseConfigurationReference = 9881209DB368E97F388F0609 /* Pods-ManiRestaurant.debug.xcconfig */;
			buildSettings = {
				ASSETCATALOG_COMPILER_APPICON_NAME = AppIcon;
				ASSETCATALOG_COMPILER_GLOBAL_ACCENT_COLOR_NAME = AccentColor;
				CODE_SIGN_STYLE = Automatic;
				DEVELOPMENT_ASSET_PATHS = "\"ManiRestaurant/Preview Content\"";
				DEVELOPMENT_TEAM = 2J4LKTM8LN;
				ENABLE_PREVIEWS = YES;
				INFOPLIST_FILE = ManiRestaurant/Info.plist;
				LD_RUNPATH_SEARCH_PATHS = (
					"$(inherited)",
					"@executable_path/Frameworks",
				);
				PRODUCT_BUNDLE_IDENTIFIER = ManiRestaurant.ManiRestaurant;
				PRODUCT_NAME = "$(TARGET_NAME)";
				SWIFT_VERSION = 5.0;
				TARGETED_DEVICE_FAMILY = "1,2";
			};
			name = Debug;
		};
		7D2F6E2A2685EB8C000DE8A9 /* Release */ = {
			isa = XCBuildConfiguration;
			baseConfigurationReference = AA2485E72429438FC2C81175 /* Pods-ManiRestaurant.release.xcconfig */;
			buildSettings = {
				ASSETCATALOG_COMPILER_APPICON_NAME = AppIcon;
				ASSETCATALOG_COMPILER_GLOBAL_ACCENT_COLOR_NAME = AccentColor;
				CODE_SIGN_STYLE = Automatic;
				DEVELOPMENT_ASSET_PATHS = "\"ManiRestaurant/Preview Content\"";
				DEVELOPMENT_TEAM = 2J4LKTM8LN;
				ENABLE_PREVIEWS = YES;
				INFOPLIST_FILE = ManiRestaurant/Info.plist;
				LD_RUNPATH_SEARCH_PATHS = (
					"$(inherited)",
					"@executable_path/Frameworks",
				);
				PRODUCT_BUNDLE_IDENTIFIER = ManiRestaurant.ManiRestaurant;
				PRODUCT_NAME = "$(TARGET_NAME)";
				SWIFT_VERSION = 5.0;
				TARGETED_DEVICE_FAMILY = "1,2";
			};
			name = Release;
		};
		7D2F6E2C2685EB8C000DE8A9 /* Debug */ = {
			isa = XCBuildConfiguration;
			baseConfigurationReference = E8A6BA9DE5BD84F9718A5653 /* Pods-ManiRestaurantTests.debug.xcconfig */;
			buildSettings = {
				ALWAYS_EMBED_SWIFT_STANDARD_LIBRARIES = YES;
				BUNDLE_LOADER = "$(TEST_HOST)";
				CODE_SIGN_STYLE = Automatic;
				DEVELOPMENT_TEAM = 2J4LKTM8LN;
				INFOPLIST_FILE = ManiRestaurantTests/Info.plist;
				IPHONEOS_DEPLOYMENT_TARGET = 14.5;
				LD_RUNPATH_SEARCH_PATHS = (
					"$(inherited)",
					"@executable_path/Frameworks",
					"@loader_path/Frameworks",
				);
				PRODUCT_BUNDLE_IDENTIFIER = ManiRestaurant.ManiRestaurantTests;
				PRODUCT_NAME = "$(TARGET_NAME)";
				SWIFT_VERSION = 5.0;
				TARGETED_DEVICE_FAMILY = "1,2";
				TEST_HOST = "$(BUILT_PRODUCTS_DIR)/ManiRestaurant.app/ManiRestaurant";
			};
			name = Debug;
		};
		7D2F6E2D2685EB8C000DE8A9 /* Release */ = {
			isa = XCBuildConfiguration;
			baseConfigurationReference = CCD34C70FF6B1C6CE0737BE4 /* Pods-ManiRestaurantTests.release.xcconfig */;
			buildSettings = {
				ALWAYS_EMBED_SWIFT_STANDARD_LIBRARIES = YES;
				BUNDLE_LOADER = "$(TEST_HOST)";
				CODE_SIGN_STYLE = Automatic;
				DEVELOPMENT_TEAM = 2J4LKTM8LN;
				INFOPLIST_FILE = ManiRestaurantTests/Info.plist;
				IPHONEOS_DEPLOYMENT_TARGET = 14.5;
				LD_RUNPATH_SEARCH_PATHS = (
					"$(inherited)",
					"@executable_path/Frameworks",
					"@loader_path/Frameworks",
				);
				PRODUCT_BUNDLE_IDENTIFIER = ManiRestaurant.ManiRestaurantTests;
				PRODUCT_NAME = "$(TARGET_NAME)";
				SWIFT_VERSION = 5.0;
				TARGETED_DEVICE_FAMILY = "1,2";
				TEST_HOST = "$(BUILT_PRODUCTS_DIR)/ManiRestaurant.app/ManiRestaurant";
			};
			name = Release;
		};
		7D2F6E2F2685EB8C000DE8A9 /* Debug */ = {
			isa = XCBuildConfiguration;
			baseConfigurationReference = CC52ADBEED727B05256CB9C6 /* Pods-ManiRestaurant-ManiRestaurantUITests.debug.xcconfig */;
			buildSettings = {
				ALWAYS_EMBED_SWIFT_STANDARD_LIBRARIES = YES;
				CODE_SIGN_STYLE = Automatic;
				DEVELOPMENT_TEAM = 2J4LKTM8LN;
				INFOPLIST_FILE = ManiRestaurantUITests/Info.plist;
				LD_RUNPATH_SEARCH_PATHS = (
					"$(inherited)",
					"@executable_path/Frameworks",
					"@loader_path/Frameworks",
				);
				PRODUCT_BUNDLE_IDENTIFIER = ManiRestaurant.ManiRestaurantUITests;
				PRODUCT_NAME = "$(TARGET_NAME)";
				SWIFT_VERSION = 5.0;
				TARGETED_DEVICE_FAMILY = "1,2";
				TEST_TARGET_NAME = ManiRestaurant;
			};
			name = Debug;
		};
		7D2F6E302685EB8C000DE8A9 /* Release */ = {
			isa = XCBuildConfiguration;
			baseConfigurationReference = 50388950B0F4C76D269360B4 /* Pods-ManiRestaurant-ManiRestaurantUITests.release.xcconfig */;
			buildSettings = {
				ALWAYS_EMBED_SWIFT_STANDARD_LIBRARIES = YES;
				CODE_SIGN_STYLE = Automatic;
				DEVELOPMENT_TEAM = 2J4LKTM8LN;
				INFOPLIST_FILE = ManiRestaurantUITests/Info.plist;
				LD_RUNPATH_SEARCH_PATHS = (
					"$(inherited)",
					"@executable_path/Frameworks",
					"@loader_path/Frameworks",
				);
				PRODUCT_BUNDLE_IDENTIFIER = ManiRestaurant.ManiRestaurantUITests;
				PRODUCT_NAME = "$(TARGET_NAME)";
				SWIFT_VERSION = 5.0;
				TARGETED_DEVICE_FAMILY = "1,2";
				TEST_TARGET_NAME = ManiRestaurant;
			};
			name = Release;
		};
/* End XCBuildConfiguration section */

/* Begin XCConfigurationList section */
		7D2F6DF62685EB8A000DE8A9 /* Build configuration list for PBXProject "ManiRestaurant" */ = {
			isa = XCConfigurationList;
			buildConfigurations = (
				7D2F6E262685EB8C000DE8A9 /* Debug */,
				7D2F6E272685EB8C000DE8A9 /* Release */,
			);
			defaultConfigurationIsVisible = 0;
			defaultConfigurationName = Release;
		};
		7D2F6E282685EB8C000DE8A9 /* Build configuration list for PBXNativeTarget "ManiRestaurant" */ = {
			isa = XCConfigurationList;
			buildConfigurations = (
				7D2F6E292685EB8C000DE8A9 /* Debug */,
				7D2F6E2A2685EB8C000DE8A9 /* Release */,
			);
			defaultConfigurationIsVisible = 0;
			defaultConfigurationName = Release;
		};
		7D2F6E2B2685EB8C000DE8A9 /* Build configuration list for PBXNativeTarget "ManiRestaurantTests" */ = {
			isa = XCConfigurationList;
			buildConfigurations = (
				7D2F6E2C2685EB8C000DE8A9 /* Debug */,
				7D2F6E2D2685EB8C000DE8A9 /* Release */,
			);
			defaultConfigurationIsVisible = 0;
			defaultConfigurationName = Release;
		};
		7D2F6E2E2685EB8C000DE8A9 /* Build configuration list for PBXNativeTarget "ManiRestaurantUITests" */ = {
			isa = XCConfigurationList;
			buildConfigurations = (
				7D2F6E2F2685EB8C000DE8A9 /* Debug */,
				7D2F6E302685EB8C000DE8A9 /* Release */,
			);
			defaultConfigurationIsVisible = 0;
			defaultConfigurationName = Release;
		};
/* End XCConfigurationList section */

/* Begin XCVersionGroup section */
		7D2F6E042685EB8A000DE8A9 /* ManiRestaurant.xcdatamodeld */ = {
			isa = XCVersionGroup;
			children = (
				7D2F6E052685EB8A000DE8A9 /* ManiRestaurant.xcdatamodel */,
			);
			currentVersion = 7D2F6E052685EB8A000DE8A9 /* ManiRestaurant.xcdatamodel */;
			path = ManiRestaurant.xcdatamodeld;
			sourceTree = "<group>";
			versionGroupType = wrapper.xcdatamodel;
		};
/* End XCVersionGroup section */
	};
	rootObject = 7D2F6DF32685EB8A000DE8A9 /* Project object */;
}
